
Microsoft Visual Studio Solution File, Format Version 12.00
# Visual Studio 15
VisualStudioVersion = 15.0.28307.1267
MinimumVisualStudioVersion = 10.0.40219.1
Project("{FAE04EC0-301F-11D3-BF4B-00C04F79EFBC}") = "WCFService_2Way_018", "WCFService_2Way_018\WCFService_2Way_018.csproj", "{B4835469-2444-4D17-9653-770B827C38AF}"
EndProject
Global
	GlobalSection(SolutionConfigurationPlatforms) = preSolution
		Debug|Any CPU = Debug|Any CPU
		Release|Any CPU = Release|Any CPU
	EndGlobalSection
	GlobalSection(ProjectConfigurationPlatforms) = postSolution
		{B4835469-2444-4D17-9653-770B827C38AF}.Debug|Any CPU.ActiveCfg = Debug|Any CPU
		{B4835469-2444-4D17-9653-770B827C38AF}.Debug|Any CPU.Build.0 = Debug|Any CPU
		{B4835469-2444-4D17-9653-770B827C38AF}.Release|Any CPU.ActiveCfg = Release|Any CPU
		{B4835469-2444-4D17-9653-770B827C38AF}.Release|Any CPU.Build.0 = Release|Any CPU
	EndGlobalSection
	GlobalSection(SolutionProperties) = preSolution
		HideSolutionNode = FALSE
	EndGlobalSection
	GlobalSection(ExtensibilityGlobals) = postSolution
		SolutionGuid = {4F0CE024-647D-45B7-A564-1B79B1D1638E}
	EndGlobalSection
EndGlobal
